{
  "pins" : [
    {
      "identity" : "aexml",
      "kind" : "remoteSourceControl",
      "location" : "https://github.com/tadija/AEXML.git",
      "state" : {
        "revision" : "38f7d00b23ecd891e1ee656fa6aeebd6ba04ecc3",
        "version" : "4.6.1"
      }
    },
    {
      "identity" : "bitbytedata",
      "kind" : "remoteSourceControl",
      "location" : "https://github.com/tsolomko/BitByteData",
      "state" : {
        "revision" : "36df26fe4586b4f23d76cfd8b47076998343a2b2",
        "version" : "2.0.3"
      }
    },
    {
      "identity" : "colorizer",
      "kind" : "remoteSourceControl",
      "location" : "https://github.com/getGuaka/Colorizer.git",
      "state" : {
        "revision" : "2ccc99bf1715e73c4139e8d40b6e6b30be975586",
        "version" : "0.2.1"
      }
    },
    {
      "identity" : "graphviz",
      "kind" : "remoteSourceControl",
      "location" : "https://github.com/SwiftDocOrg/GraphViz.git",
      "state" : {
        "revision" : "70bebcf4597b9ce33e19816d6bbd4ba9b7bdf038",
        "version" : "0.2.0"
      }
    },
    {
      "identity" : "jsonutilities",
      "kind" : "remoteSourceControl",
      "location" : "https://github.com/yonaskolb/JSONUtilities.git",
      "state" : {
        "revision" : "128d2ffc22467f69569ef8ff971683e2393191a0",
        "version" : "4.2.0"
      }
    },
    {
      "identity" : "pathkit",
      "kind" : "remoteSourceControl",
      "location" : "https://github.com/kylef/PathKit",
      "state" : {
        "revision" : "3bfd2737b700b9a36565a8c94f4ad2b050a5e574",
        "version" : "1.0.1"
      }
    },
    {
      "identity" : "rainbow",
      "kind" : "remoteSourceControl",
      "location" : "https://github.com/onevcat/Rainbow.git",
      "state" : {
        "revision" : "626c3d4b6b55354b4af3aa309f998fae9b31a3d9",
        "version" : "3.2.0"
      }
    },
    {
      "identity" : "regex",
      "kind" : "remoteSourceControl",
      "location" : "https://github.com/sharplet/Regex",
      "state" : {
        "revision" : "76c2b73d4281d77fc3118391877efd1bf972f515",
        "version" : "2.1.1"
      }
    },
    {
      "identity" : "spectre",
      "kind" : "remoteSourceControl",
      "location" : "https://github.com/kylef/Spectre.git",
      "state" : {
        "revision" : "26cc5e9ae0947092c7139ef7ba612e34646086c7",
        "version" : "0.10.1"
      }
    },
    {
      "identity" : "swcompression",
      "kind" : "remoteSourceControl",
      "location" : "https://github.com/tsolomko/SWCompression.git",
      "state" : {
        "revision" : "cd39ca0a3b269173bab06f68b182b72fa690765c",
        "version" : "4.8.5"
      }
    },
    {
      "identity" : "swift-argument-parser",
      "kind" : "remoteSourceControl",
      "location" : "https://github.com/apple/swift-argument-parser",
      "state" : {
        "revision" : "6b2aa2748a7881eebb9f84fb10c01293e15b52ca",
        "version" : "0.5.0"
      }
    },
    {
      "identity" : "swiftcli",
      "kind" : "remoteSourceControl",
      "location" : "https://github.com/jakeheis/SwiftCLI.git",
      "state" : {
        "revision" : "2e949055d9797c1a6bddcda0e58dada16cc8e970",
        "version" : "6.0.3"
      }
    },
    {
      "identity" : "version",
      "kind" : "remoteSourceControl",
      "location" : "https://github.com/mxcl/Version",
      "state" : {
        "revision" : "1fe824b80d89201652e7eca7c9252269a1d85e25",
        "version" : "2.0.1"
      }
    },
    {
      "identity" : "xcbeautify",
      "kind" : "remoteSourceControl",
      "location" : "https://github.com/thii/xcbeautify",
      "state" : {
        "revision" : "21c64495bb3eb9a46ecc9b5eea056d06383eb17c",
        "version" : "0.9.1"
      }
    },
    {
      "identity" : "xcodegen",
      "kind" : "remoteSourceControl",
      "location" : "https://github.com/yonaskolb/XcodeGen",
      "state" : {
        "revision" : "ebf70f1a718e90eeeefeebd02e1e0af1e9463f5a",
        "version" : "2.32.0"
      }
    },
    {
      "identity" : "xcodeproj",
      "kind" : "remoteSourceControl",
      "location" : "https://github.com/tuist/XcodeProj",
      "state" : {
        "revision" : "59c7f8d4201a7bd37ef509edebd5777811c7de78",
        "version" : "8.11.0"
      }
    },
    {
      "identity" : "yams",
      "kind" : "remoteSourceControl",
      "location" : "https://github.com/jpsim/Yams",
      "state" : {
        "revision" : "9ff1cc9327586db4e0c8f46f064b6a82ec1566fa",
        "version" : "4.0.6"
      }
    },
    {
      "identity" : "zip",
      "kind" : "remoteSourceControl",
      "location" : "https://github.com/marmelroy/Zip",
      "state" : {
        "revision" : "67fa55813b9e7b3b9acee9c0ae501def28746d76",
        "version" : "2.1.2"
      }
    }
  ],
  "version" : 2
}
